# THIS IS AN AUTOGENERATED FILE. DO NOT EDIT THIS FILE DIRECTLY.
# yarn lockfile v1


"@babel/runtime@^7.12.13":
  version "7.12.13"
  resolved "https://registry.yarnpkg.com/@babel/runtime/-/runtime-7.12.13.tgz#0a21452352b02542db0ffb928ac2d3ca7cb6d66d"
  integrity sha512-8+3UMPBrjFa/6TtKi/7sehPKqfAm4g6K+YQjyyFOLUTxzOngcRZTlAVY8sc2CORJYqdHQY8gRPHmn+qo15rCBw==
  dependencies:
    regenerator-runtime "^0.13.4"

html-entities@^2.1.0:
  version "2.1.0"
  resolved "https://registry.yarnpkg.com/html-entities/-/html-entities-2.1.0.tgz#f5de1f8d5e1f16859a74aa73a90f0db502ca723a"
  integrity sha512-u+OHVGMH5P1HlaTFp3M4HolRnWepgx5rAnYBo+7/TrBZahuJjgQ4TMv2GjQ4IouGDzkgXYeOI/NQuF95VOUOsQ==

lodash.clonedeep@^4.5.0:
  version "4.5.0"
  resolved "https://registry.yarnpkg.com/lodash.clonedeep/-/lodash.clonedeep-4.5.0.tgz#e23f3f9c4f8fbdde872529c1071857a086e5ccef"
  integrity sha1-4j8/nE+Pvd6HJSnBBxhXoIblzO8=

lodash.isplainobject@^4.0.6:
  version "4.0.6"
  resolved "https://registry.yarnpkg.com/lodash.isplainobject/-/lodash.isplainobject-4.0.6.tgz#7c526a52d89b45c45cc690b88163be0497f550cb"
  integrity sha1-fFJqUtibRcRcxpC4gWO+BJf1UMs=

lodash.trim@^4.5.1:
  version "4.5.1"
  resolved "https://registry.yarnpkg.com/lodash.trim/-/lodash.trim-4.5.1.tgz#36425e7ee90be4aa5e27bcebb85b7d11ea47aa57"
  integrity sha1-NkJefukL5KpeJ7zruFt9EepHqlc=

lodash.without@^4.4.0:
  version "4.4.0"
  resolved "https://registry.yarnpkg.com/lodash.without/-/lodash.without-4.4.0.tgz#3cd4574a00b67bae373a94b748772640507b7aac"
  integrity sha1-PNRXSgC2e643OpS3SHcmQFB7eqw=

ranges-apply@^5.0.4:
  version "5.0.4"
  resolved "https://registry.yarnpkg.com/ranges-apply/-/ranges-apply-5.0.4.tgz#ffc320a3c649dc38d50f055489d5f15bef3e91e3"
  integrity sha512-QsT52z+YSXAGn1VzMn1aAR9QQZBEKHxg9vybo0D4bJSfx19eHoiOVGReVYjABrv6GoDbkBfiPTJyLl+ifmuBZg==
  dependencies:
    "@babel/runtime" "^7.12.13"
    ranges-merge "^7.0.4"

ranges-merge@^7.0.4:
  version "7.0.4"
  resolved "https://registry.yarnpkg.com/ranges-merge/-/ranges-merge-7.0.4.tgz#3e873c447b4d7baf661edbcd3ca2a53a80e02a77"
  integrity sha512-c+tIqalOh5P/mhipJLZ6GfysZSOHhDKaoShUtdr9dgtgdw33ZmtUewNvqPPUOP4M+8nIi8Xedbm2qjy8YlpEvw==
  dependencies:
    "@babel/runtime" "^7.12.13"
    ranges-push "^5.0.4"
    ranges-sort "^4.0.4"

ranges-push@^5.0.4:
  version "5.0.4"
  resolved "https://registry.yarnpkg.com/ranges-push/-/ranges-push-5.0.4.tgz#459cb490209325a3f4686e673ccc1bcf7d51e00b"
  integrity sha512-5fjyBBtr6qvyR/XQtokT6C7XQVLwd0TrI4Dv8QnSuBhf8inq1lb3LzmXiAsOD1757XLnykF/iNN1MoqvkN5/Zw==
  dependencies:
    "@babel/runtime" "^7.12.13"
    ranges-merge "^7.0.4"
    string-collapse-leading-whitespace "^5.0.4"
    string-trim-spaces-only "^3.0.4"

ranges-sort@^4.0.4:
  version "4.0.4"
  resolved "https://registry.yarnpkg.com/ranges-sort/-/ranges-sort-4.0.4.tgz#5b72c1723e5d26227324ab04ca0168b2df16d9ee"
  integrity sha512-1BG6HWZAUPX6+Sxxk4mz99f6mwYH5OxMHEv8ybDdkUOEs9Z6woyECsHi9dEb//v07Jv6m4BTb+h1zhU6Hl7egg==
  dependencies:
    "@babel/runtime" "^7.12.13"

regenerator-runtime@^0.13.4:
  version "0.13.7"
  resolved "https://registry.yarnpkg.com/regenerator-runtime/-/regenerator-runtime-0.13.7.tgz#cac2dacc8a1ea675feaabaeb8ae833898ae46f55"
  integrity sha512-a54FxoJDIr27pgf7IgeQGxmqUNYrcV338lf/6gH456HZ/PhX+5BcwHXG9ajESmwe6WRO0tAzRUrRmNONWgkrew==

string-collapse-leading-whitespace@^5.0.4:
  version "5.0.4"
  resolved "https://registry.yarnpkg.com/string-collapse-leading-whitespace/-/string-collapse-leading-whitespace-5.0.4.tgz#217c2ebcd9aa9fcc1341f9e8bb6bf4276853ce9d"
  integrity sha512-JLHrc8koZU5VdwciTw5eVHoJixIIEJuawTWQEPeOzy+0Si7Qc81itXl1wcEEm92UK/liC+QGSnfopecpCyBwUw==
  dependencies:
    "@babel/runtime" "^7.12.13"

string-left-right@^4.0.4:
  version "4.0.4"
  resolved "https://registry.yarnpkg.com/string-left-right/-/string-left-right-4.0.4.tgz#541de721d433e97045d0e5abf0c0dc8365644af3"
  integrity sha512-F7V+hAggGFD8OsoIiEqSuNNWlvfEc18b5ttFRJ2yL4gkaEEmM8agbiKtUqEbjs1+G6KDz31RaV9WN4PLX4dGOw==
  dependencies:
    "@babel/runtime" "^7.12.13"
    lodash.clonedeep "^4.5.0"
    lodash.isplainobject "^4.0.6"

string-strip-html@^8.2.1:
  version "8.2.1"
  resolved "https://registry.yarnpkg.com/string-strip-html/-/string-strip-html-8.2.1.tgz#bc5a0135b385224af31386aeb9bfe5359c0fffbf"
  integrity sha512-MIq5JFlnq6EqOhnWZbA0vhBOhg0CY0siMqnhrfwB6WeADy7FXL4BQMBAl6kVx4u38kgoBo+POofbGMAsqb1HXw==
  dependencies:
    "@babel/runtime" "^7.12.13"
    html-entities "^2.1.0"
    lodash.isplainobject "^4.0.6"
    lodash.trim "^4.5.1"
    lodash.without "^4.4.0"
    ranges-apply "^5.0.4"
    ranges-push "^5.0.4"
    string-left-right "^4.0.4"

string-trim-spaces-only@^3.0.4:
  version "3.0.4"
  resolved "https://registry.yarnpkg.com/string-trim-spaces-only/-/string-trim-spaces-only-3.0.4.tgz#c707f1bfc368ae3ef67a45fd35c3021c2688b343"
  integrity sha512-Mv8J7susvzuVVIVSzRGdAfCtn01FCTzF1bRGhOvlBIxjODddMSmcov83AHSn6fpEBgfsz08xDYX+aejThduUvg==
  dependencies:
    "@babel/runtime" "^7.12.13"
